// !$*UTF8*$!
{
	archiveVersion = 1;
	classes = {
	};
	objectVersion = 77;
	objects = {

/* Begin PBXBuildFile section */
		00479E652BE5BF2A132C217D /* AppDelegate.swift in Sources */ = {isa = PBXBuildFile; fileRef = F84208C0B38760D27A7199DB /* AppDelegate.swift */; };
		5F7B3777FC96F389D80DC842 /* DroneWatchDJIBootstrapApp.swift in Sources */ = {isa = PBXBuildFile; fileRef = 5794B5A6BFEE7F3D79FEA3A5 /* DroneWatchDJIBootstrapApp.swift */; };
		793B09C545FFAFDDA6839C15 /* BootstrapCoordinator.swift in Sources */ = {isa = PBXBuildFile; fileRef = E70552AA7F2B4A512D7571AA /* BootstrapCoordinator.swift */; };
		D24727667C105B5F90F72E4C /* ContentView.swift in Sources */ = {isa = PBXBuildFile; fileRef = 8E63C17A319D354267E4B347 /* ContentView.swift */; };
/* End PBXBuildFile section */

/* Begin PBXFileReference section */
		543787AC8AB70994DFFC9D99 /* DroneWatchDJIBootstrap.app */ = {isa = PBXFileReference; explicitFileType = wrapper.application; includeInIndex = 0; path = DroneWatchDJIBootstrap.app; sourceTree = BUILT_PRODUCTS_DIR; };
		5794B5A6BFEE7F3D79FEA3A5 /* DroneWatchDJIBootstrapApp.swift */ = {isa = PBXFileReference; lastKnownFileType = sourcecode.swift; path = DroneWatchDJIBootstrapApp.swift; sourceTree = "<group>"; };
		8E63C17A319D354267E4B347 /* ContentView.swift */ = {isa = PBXFileReference; lastKnownFileType = sourcecode.swift; path = ContentView.swift; sourceTree = "<group>"; };
		D5A0788162C788C2BB7434A0 /* Info.plist */ = {isa = PBXFileReference; lastKnownFileType = text.plist; path = Info.plist; sourceTree = "<group>"; };
		E70552AA7F2B4A512D7571AA /* BootstrapCoordinator.swift */ = {isa = PBXFileReference; lastKnownFileType = sourcecode.swift; path = BootstrapCoordinator.swift; sourceTree = "<group>"; };
		F84208C0B38760D27A7199DB /* AppDelegate.swift */ = {isa = PBXFileReference; lastKnownFileType = sourcecode.swift; path = AppDelegate.swift; sourceTree = "<group>"; };
/* End PBXFileReference section */

/* Begin PBXFrameworksBuildPhase section */
		D00B73F730B8167E4F50D057 /* Frameworks */ = {
			isa = PBXFrameworksBuildPhase;
			buildActionMask = 2147483647;
			files = (
			);
			runOnlyForDeploymentPostprocessing = 0;
		};
/* End PBXFrameworksBuildPhase section */

/* Begin PBXGroup section */
		0EC1DBFF6561F33E0364CA35 /* DroneWatchDJIBootstrap */ = {
			isa = PBXGroup;
			children = (
				F84208C0B38760D27A7199DB /* AppDelegate.swift */,
				E70552AA7F2B4A512D7571AA /* BootstrapCoordinator.swift */,
				8E63C17A319D354267E4B347 /* ContentView.swift */,
				5794B5A6BFEE7F3D79FEA3A5 /* DroneWatchDJIBootstrapApp.swift */,
				D5A0788162C788C2BB7434A0 /* Info.plist */,
			);
			path = DroneWatchDJIBootstrap;
			sourceTree = "<group>";
		};
		827FC977041012DAB50E6398 /* Frameworks */ = {
			isa = PBXGroup;
			children = (
			);
			name = Frameworks;
			sourceTree = "<group>";
		};
		9BB9B3EB5F8F3DA49CCD18E5 /* Products */ = {
			isa = PBXGroup;
			children = (
				543787AC8AB70994DFFC9D99 /* DroneWatchDJIBootstrap.app */,
			);
			name = Products;
			sourceTree = "<group>";
		};
		FDC8214B0525D3C6878F5C23 = {
			isa = PBXGroup;
			children = (
				0EC1DBFF6561F33E0364CA35 /* DroneWatchDJIBootstrap */,
				9BB9B3EB5F8F3DA49CCD18E5 /* Products */,
				827FC977041012DAB50E6398 /* Frameworks */,
			);
			sourceTree = "<group>";
		};
/* End PBXGroup section */

/* Begin PBXNativeTarget section */
		9C6CBB0D4512BB5FF89949C7 /* DroneWatchDJIBootstrap */ = {
			isa = PBXNativeTarget;
			buildConfigurationList = EFB72282B10984760AE4E9EF /* Build configuration list for PBXNativeTarget "DroneWatchDJIBootstrap" */;
			buildPhases = (
				ED624C226A22A7447D4AA26C /* Sources */,
				D00B73F730B8167E4F50D057 /* Frameworks */,
			);
			buildRules = (
			);
			dependencies = (
			);
			name = DroneWatchDJIBootstrap;
			productName = DroneWatchDJIBootstrap;
			productReference = 543787AC8AB70994DFFC9D99 /* DroneWatchDJIBootstrap.app */;
			productType = "com.apple.product-type.application";
		};
/* End PBXNativeTarget section */

/* Begin PBXProject section */
		6356BB2E1ABE8E488228DBE0 /* Project object */ = {
			isa = PBXProject;
			attributes = {
				BuildIndependentTargetsInParallel = YES;
				LastUpgradeCheck = 1430;
				TargetAttributes = {
					9C6CBB0D4512BB5FF89949C7 = {
						ProvisioningStyle = Automatic;
					};
				};
			};
			buildConfigurationList = 9F830545D33B886F01A662CA /* Build configuration list for PBXProject "DroneWatchDJIBootstrap" */;
			developmentRegion = en;
			hasScannedForEncodings = 0;
			knownRegions = (
				Base,
				en,
			);
			mainGroup = FDC8214B0525D3C6878F5C23;
			minimizedProjectReferenceProxies = 1;
			preferredProjectObjectVersion = 77;
			productRefGroup = 9BB9B3EB5F8F3DA49CCD18E5 /* Products */;
			projectDirPath = "";
			projectRoot = "";
			targets = (
				9C6CBB0D4512BB5FF89949C7 /* DroneWatchDJIBootstrap */,
			);
		};
/* End PBXProject section */

/* Begin PBXSourcesBuildPhase section */
		ED624C226A22A7447D4AA26C /* Sources */ = {
			isa = PBXSourcesBuildPhase;
			buildActionMask = 2147483647;
			files = (
				00479E652BE5BF2A132C217D /* AppDelegate.swift in Sources */,
				793B09C545FFAFDDA6839C15 /* BootstrapCoordinator.swift in Sources */,
				D24727667C105B5F90F72E4C /* ContentView.swift in Sources */,
				5F7B3777FC96F389D80DC842 /* DroneWatchDJIBootstrapApp.swift in Sources */,
			);
			runOnlyForDeploymentPostprocessing = 0;
		};
/* End PBXSourcesBuildPhase section */

/* Begin XCBuildConfiguration section */
		0544325E20F9A104E929BE5E /* Debug */ = {
			isa = XCBuildConfiguration;
			buildSettings = {
				ALWAYS_SEARCH_USER_PATHS = NO;
				CLANG_ANALYZER_NONNULL = YES;
				CLANG_ANALYZER_NUMBER_OBJECT_CONVERSION = YES_AGGRESSIVE;
				CLANG_CXX_LANGUAGE_STANDARD = "gnu++14";
				CLANG_CXX_LIBRARY = "libc++";
				CLANG_ENABLE_MODULES = YES;
				CLANG_ENABLE_OBJC_ARC = YES;
				CLANG_ENABLE_OBJC_WEAK = YES;
				CLANG_WARN_BLOCK_CAPTURE_AUTORELEASING = YES;
				CLANG_WARN_BOOL_CONVERSION = YES;
				CLANG_WARN_COMMA = YES;
				CLANG_WARN_CONSTANT_CONVERSION = YES;
				CLANG_WARN_DEPRECATED_OBJC_IMPLEMENTATIONS = YES;
				CLANG_WARN_DIRECT_OBJC_ISA_USAGE = YES_ERROR;
				CLANG_WARN_DOCUMENTATION_COMMENTS = YES;
				CLANG_WARN_EMPTY_BODY = YES;
				CLANG_WARN_ENUM_CONVERSION = YES;
				CLANG_WARN_INFINITE_RECURSION = YES;
				CLANG_WARN_INT_CONVERSION = YES;
				CLANG_WARN_NON_LITERAL_NULL_CONVERSION = YES;
				CLANG_WARN_OBJC_IMPLICIT_RETAIN_SELF = YES;
				CLANG_WARN_OBJC_LITERAL_CONVERSION = YES;
				CLANG_WARN_OBJC_ROOT_CLASS = YES_ERROR;
				CLANG_WARN_QUOTED_INCLUDE_IN_FRAMEWORK_HEADER = YES;
				CLANG_WARN_RANGE_LOOP_ANALYSIS = YES;
				CLANG_WARN_STRICT_PROTOTYPES = YES;
				CLANG_WARN_SUSPICIOUS_MOVE = YES;
				CLANG_WARN_UNGUARDED_AVAILABILITY = YES_AGGRESSIVE;
				CLANG_WARN_UNREACHABLE_CODE = YES;
				CLANG_WARN__DUPLICATE_METHOD_MATCH = YES;
				COPY_PHASE_STRIP = NO;
				DEBUG_INFORMATION_FORMAT = dwarf;
				ENABLE_STRICT_OBJC_MSGSEND = YES;
				ENABLE_TESTABILITY = YES;
				GCC_C_LANGUAGE_STANDARD = gnu11;
				GCC_DYNAMIC_NO_PIC = NO;
				GCC_NO_COMMON_BLOCKS = YES;
				GCC_OPTIMIZATION_LEVEL = 0;
				GCC_PREPROCESSOR_DEFINITIONS = (
					"$(inherited)",
					"DEBUG=1",
				);
				GCC_WARN_64_TO_32_BIT_CONVERSION = YES;
				GCC_WARN_ABOUT_RETURN_TYPE = YES_ERROR;
				GCC_WARN_UNDECLARED_SELECTOR = YES;
				GCC_WARN_UNINITIALIZED_AUTOS = YES_AGGRESSIVE;
				GCC_WARN_UNUSED_FUNCTION = YES;
				GCC_WARN_UNUSED_VARIABLE = YES;
				IPHONEOS_DEPLOYMENT_TARGET = 15.0;
				MTL_ENABLE_DEBUG_INFO = INCLUDE_SOURCE;
				MTL_FAST_MATH = YES;
				ONLY_ACTIVE_ARCH = YES;
				PRODUCT_NAME = "$(TARGET_NAME)";
				SDKROOT = iphoneos;
				SWIFT_ACTIVE_COMPILATION_CONDITIONS = DEBUG;
				SWIFT_OPTIMIZATION_LEVEL = "-Onone";
				SWIFT_VERSION = 5.0;
			};
			name = Debug;
		};
		CDA2FD948C2A42ACE44A849D /* Release */ = {
			isa = XCBuildConfiguration;
			buildSettings = {
				ALWAYS_SEARCH_USER_PATHS = NO;
				CLANG_ANALYZER_NONNULL = YES;
				CLANG_ANALYZER_NUMBER_OBJECT_CONVERSION = YES_AGGRESSIVE;
				CLANG_CXX_LANGUAGE_STANDARD = "gnu++14";
				CLANG_CXX_LIBRARY = "libc++";
				CLANG_ENABLE_MODULES = YES;
				CLANG_ENABLE_OBJC_ARC = YES;
				CLANG_ENABLE_OBJC_WEAK = YES;
				CLANG_WARN_BLOCK_CAPTURE_AUTORELEASING = YES;
				CLANG_WARN_BOOL_CONVERSION = YES;
				CLANG_WARN_COMMA = YES;
				CLANG_WARN_CONSTANT_CONVERSION = YES;
				CLANG_WARN_DEPRECATED_OBJC_IMPLEMENTATIONS = YES;
				CLANG_WARN_DIRECT_OBJC_ISA_USAGE = YES_ERROR;
				CLANG_WARN_DOCUMENTATION_COMMENTS = YES;
				CLANG_WARN_EMPTY_BODY = YES;
				CLANG_WARN_ENUM_CONVERSION = YES;
				CLANG_WARN_INFINITE_RECURSION = YES;
				CLANG_WARN_INT_CONVERSION = YES;
				CLANG_WARN_NON_LITERAL_NULL_CONVERSION = YES;
				CLANG_WARN_OBJC_IMPLICIT_RETAIN_SELF = YES;
				CLANG_WARN_OBJC_LITERAL_CONVERSION = YES;
				CLANG_WARN_OBJC_ROOT_CLASS = YES_ERROR;
				CLANG_WARN_QUOTED_INCLUDE_IN_FRAMEWORK_HEADER = YES;
				CLANG_WARN_RANGE_LOOP_ANALYSIS = YES;
				CLANG_WARN_STRICT_PROTOTYPES = YES;
				CLANG_WARN_SUSPICIOUS_MOVE = YES;
				CLANG_WARN_UNGUARDED_AVAILABILITY = YES_AGGRESSIVE;
				CLANG_WARN_UNREACHABLE_CODE = YES;
				CLANG_WARN__DUPLICATE_METHOD_MATCH = YES;
				COPY_PHASE_STRIP = NO;
				DEBUG_INFORMATION_FORMAT = "dwarf-with-dsym";
				ENABLE_NS_ASSERTIONS = NO;
				ENABLE_STRICT_OBJC_MSGSEND = YES;
				GCC_C_LANGUAGE_STANDARD = gnu11;
				GCC_NO_COMMON_BLOCKS = YES;
				GCC_WARN_64_TO_32_BIT_CONVERSION = YES;
				GCC_WARN_ABOUT_RETURN_TYPE = YES_ERROR;
				GCC_WARN_UNDECLARED_SELECTOR = YES;
				GCC_WARN_UNINITIALIZED_AUTOS = YES_AGGRESSIVE;
				GCC_WARN_UNUSED_FUNCTION = YES;
				GCC_WARN_UNUSED_VARIABLE = YES;
				IPHONEOS_DEPLOYMENT_TARGET = 15.0;
				MTL_ENABLE_DEBUG_INFO = NO;
				MTL_FAST_MATH = YES;
				PRODUCT_NAME = "$(TARGET_NAME)";
				SDKROOT = iphoneos;
				SWIFT_COMPILATION_MODE = wholemodule;
				SWIFT_OPTIMIZATION_LEVEL = "-O";
				SWIFT_VERSION = 5.0;
			};
			name = Release;
		};
		E5B5D9C0B380D3E046BC4AF0 /* Release */ = {
			isa = XCBuildConfiguration;
			buildSettings = {
				ASSETCATALOG_COMPILER_APPICON_NAME = AppIcon;
				CODE_SIGN_IDENTITY = "iPhone Developer";
				CODE_SIGN_STYLE = Automatic;
				CURRENT_PROJECT_VERSION = 1;
				DEVELOPMENT_TEAM = P46W6C4NA9;
				INFOPLIST_FILE = DroneWatchDJIBootstrap/Info.plist;
				IPHONEOS_DEPLOYMENT_TARGET = 15.0;
				LD_RUNPATH_SEARCH_PATHS = (
					"$(inherited)",
					"@executable_path/Frameworks",
				);
				MARKETING_VERSION = 0.1.0;
				PRODUCT_BUNDLE_IDENTIFIER = dronewatch;
				SDKROOT = iphoneos;
				SWIFT_VERSION = 5.0;
				TARGETED_DEVICE_FAMILY = "1,2";
			};
			name = Release;
		};
		FA98C83A9F116F2A0BC2C4C6 /* Debug */ = {
			isa = XCBuildConfiguration;
			buildSettings = {
				ASSETCATALOG_COMPILER_APPICON_NAME = AppIcon;
				CODE_SIGN_IDENTITY = "iPhone Developer";
				CODE_SIGN_STYLE = Automatic;
				CURRENT_PROJECT_VERSION = 1;
				DEVELOPMENT_TEAM = P46W6C4NA9;
				INFOPLIST_FILE = DroneWatchDJIBootstrap/Info.plist;
				IPHONEOS_DEPLOYMENT_TARGET = 15.0;
				LD_RUNPATH_SEARCH_PATHS = (
					"$(inherited)",
					"@executable_path/Frameworks",
				);
				MARKETING_VERSION = 0.1.0;
				PRODUCT_BUNDLE_IDENTIFIER = dronewatch;
				SDKROOT = iphoneos;
				SWIFT_VERSION = 5.0;
				TARGETED_DEVICE_FAMILY = "1,2";
			};
			name = Debug;
		};
/* End XCBuildConfiguration section */

/* Begin XCConfigurationList section */
		9F830545D33B886F01A662CA /* Build configuration list for PBXProject "DroneWatchDJIBootstrap" */ = {
			isa = XCConfigurationList;
			buildConfigurations = (
				0544325E20F9A104E929BE5E /* Debug */,
				CDA2FD948C2A42ACE44A849D /* Release */,
			);
			defaultConfigurationIsVisible = 0;
			defaultConfigurationName = Debug;
		};
		EFB72282B10984760AE4E9EF /* Build configuration list for PBXNativeTarget "DroneWatchDJIBootstrap" */ = {
			isa = XCConfigurationList;
			buildConfigurations = (
				FA98C83A9F116F2A0BC2C4C6 /* Debug */,
				E5B5D9C0B380D3E046BC4AF0 /* Release */,
			);
			defaultConfigurationIsVisible = 0;
			defaultConfigurationName = Debug;
		};
/* End XCConfigurationList section */
	};
	rootObject = 6356BB2E1ABE8E488228DBE0 /* Project object */;
}
